
Microsoft Visual Studio Solution File, Format Version 12.00
# Visual Studio 14
VisualStudioVersion = 14.0.25420.1
MinimumVisualStudioVersion = 10.0.40219.1
Project("{FAE04EC0-301F-11D3-BF4B-00C04F79EFBC}") = "ATP2018.SpamClassification", "ATP2018.SpamClassification\ATP2018.SpamClassification.csproj", "{DD6AA912-070A-4D9C-9D06-A24137AD24A9}"
EndProject
Project("{FAE04EC0-301F-11D3-BF4B-00C04F79EFBC}") = "ATP2018.SpamClassification.Exercises", "ATP2018.SpamClassification.Exercises\ATP2018.SpamClassification.Exercises.csproj", "{4934209A-3CB9-416E-B388-CA35940C2E85}"
EndProject
Global
	GlobalSection(SolutionConfigurationPlatforms) = preSolution
		Debug|Any CPU = Debug|Any CPU
		Release|Any CPU = Release|Any CPU
	EndGlobalSection
	GlobalSection(ProjectConfigurationPlatforms) = postSolution
		{DD6AA912-070A-4D9C-9D06-A24137AD24A9}.Debug|Any CPU.ActiveCfg = Debug|Any CPU
		{DD6AA912-070A-4D9C-9D06-A24137AD24A9}.Debug|Any CPU.Build.0 = Debug|Any CPU
		{DD6AA912-070A-4D9C-9D06-A24137AD24A9}.Release|Any CPU.ActiveCfg = Release|Any CPU
		{DD6AA912-070A-4D9C-9D06-A24137AD24A9}.Release|Any CPU.Build.0 = Release|Any CPU
		{4934209A-3CB9-416E-B388-CA35940C2E85}.Debug|Any CPU.ActiveCfg = Debug|Any CPU
		{4934209A-3CB9-416E-B388-CA35940C2E85}.Debug|Any CPU.Build.0 = Debug|Any CPU
		{4934209A-3CB9-416E-B388-CA35940C2E85}.Release|Any CPU.ActiveCfg = Release|Any CPU
		{4934209A-3CB9-416E-B388-CA35940C2E85}.Release|Any CPU.Build.0 = Release|Any CPU
	EndGlobalSection
	GlobalSection(SolutionProperties) = preSolution
		HideSolutionNode = FALSE
	EndGlobalSection
	GlobalSection(ExtensibilityGlobals) = postSolution
		SolutionGuid = {37D22B0C-190E-4E5D-A677-FD41D7140FDD}
	EndGlobalSection
EndGlobal
